
Microsoft Visual Studio Solution File, Format Version 12.00
# Visual Studio Version 16
VisualStudioVersion = 16.0.30907.101
MinimumVisualStudioVersion = 10.0.40219.1
Project("{FAE04EC0-301F-11D3-BF4B-00C04F79EFBC}") = "OOP3", "OOP3.csproj", "{16F6B80D-B4A0-40AC-A2B4-EB41BF661C1B}"
EndProject
Global
	GlobalSection(SolutionConfigurationPlatforms) = preSolution
		Debug|Any CPU = Debug|Any CPU
		Release|Any CPU = Release|Any CPU
	EndGlobalSection
	GlobalSection(ProjectConfigurationPlatforms) = postSolution
		{16F6B80D-B4A0-40AC-A2B4-EB41BF661C1B}.Debug|Any CPU.ActiveCfg = Debug|Any CPU
		{16F6B80D-B4A0-40AC-A2B4-EB41BF661C1B}.Debug|Any CPU.Build.0 = Debug|Any CPU
		{16F6B80D-B4A0-40AC-A2B4-EB41BF661C1B}.Release|Any CPU.ActiveCfg = Release|Any CPU
		{16F6B80D-B4A0-40AC-A2B4-EB41BF661C1B}.Release|Any CPU.Build.0 = Release|Any CPU
	EndGlobalSection
	GlobalSection(SolutionProperties) = preSolution
		HideSolutionNode = FALSE
	EndGlobalSection
	GlobalSection(ExtensibilityGlobals) = postSolution
		SolutionGuid = {14271B89-7704-4690-8E9A-6C84ECF3E347}
	EndGlobalSection
EndGlobal
